# THIS IS AN AUTOGENERATED FILE. DO NOT EDIT THIS FILE DIRECTLY.
# yarn lockfile v1


"@types/three@^0.89.0":
  version "0.89.0"
  resolved "https://registry.yarnpkg.com/@types/three/-/three-0.89.0.tgz#c38fe39b7809d40ee00d16d08499dc4da26dcb4a"
  dependencies:
    "@types/webvr-api" "*"

"@types/webvr-api@*":
  version "0.0.31"
  resolved "https://registry.yarnpkg.com/@types/webvr-api/-/webvr-api-0.0.31.tgz#f6061fe88a035d34a8b6a0c55f8758901ec8a08e"
